
Microsoft Visual Studio Solution File, Format Version 12.00
# Visual Studio 14
VisualStudioVersion = 14.0.25420.1
MinimumVisualStudioVersion = 10.0.40219.1
Project("{FAE04EC0-301F-11D3-BF4B-00C04F79EFBC}") = "LiturgicalMusic.DAL", "LiturgicalMusic.DAL\LiturgicalMusic.DAL.csproj", "{9A71EC6D-6B2D-4BBB-91E5-E3E5C1329D2F}"
EndProject
Project("{FAE04EC0-301F-11D3-BF4B-00C04F79EFBC}") = "LiturgicalMusic.Repository.Common", "LiturgicalMusic.Repository.Common\LiturgicalMusic.Repository.Common.csproj", "{3607313C-78B8-4B67-8DF7-FD23A3F5725A}"
EndProject
Project("{FAE04EC0-301F-11D3-BF4B-00C04F79EFBC}") = "LiturgicalMusic.Repository", "LiturgicalMusic.Repository\LiturgicalMusic.Repository.csproj", "{DC55353B-C10E-4DDE-873B-EDA4AEA1B67B}"
EndProject
Project("{FAE04EC0-301F-11D3-BF4B-00C04F79EFBC}") = "LiturgicalMusic.Model.Common", "LiturgicalMusic.Model.Common\LiturgicalMusic.Model.Common.csproj", "{EA4E05F9-06D7-4B8A-8BD1-8B2AB36F9185}"
EndProject
Project("{FAE04EC0-301F-11D3-BF4B-00C04F79EFBC}") = "LiturgicalMusic.Model", "LiturgicalMusic.Model\LiturgicalMusic.Model.csproj", "{B4376262-7454-429D-914F-98CFBCC93A24}"
EndProject
Project("{FAE04EC0-301F-11D3-BF4B-00C04F79EFBC}") = "LiturgicalMusic.Service", "LiturgicalMusic.Service\LiturgicalMusic.Service.csproj", "{4081F72B-69AA-4B9F-BFAD-E7B4BC4244DE}"
EndProject
Project("{FAE04EC0-301F-11D3-BF4B-00C04F79EFBC}") = "LiturgicalMusic.Service.Common", "LiturgicalMusic.Service.Common\LiturgicalMusic.Service.Common.csproj", "{CDBA27C2-A77E-4726-A575-1E23451DEAC8}"
EndProject
Project("{FAE04EC0-301F-11D3-BF4B-00C04F79EFBC}") = "LiturgicalMusic.WebAPI", "LiturgicalMusic.WebAPI\LiturgicalMusic.WebAPI.csproj", "{708BD466-8C9E-409C-8920-9E0B187E3306}"
EndProject
Project("{FAE04EC0-301F-11D3-BF4B-00C04F79EFBC}") = "LiturgicalMusic.Common", "LiturgicalMusic.Common\LiturgicalMusic.Common.csproj", "{6041F2F9-6109-4A3F-A883-EF9881089F91}"
EndProject
Global
	GlobalSection(SolutionConfigurationPlatforms) = preSolution
		Debug|Any CPU = Debug|Any CPU
		Release|Any CPU = Release|Any CPU
	EndGlobalSection
	GlobalSection(ProjectConfigurationPlatforms) = postSolution
		{9A71EC6D-6B2D-4BBB-91E5-E3E5C1329D2F}.Debug|Any CPU.ActiveCfg = Debug|Any CPU
		{9A71EC6D-6B2D-4BBB-91E5-E3E5C1329D2F}.Debug|Any CPU.Build.0 = Debug|Any CPU
		{9A71EC6D-6B2D-4BBB-91E5-E3E5C1329D2F}.Release|Any CPU.ActiveCfg = Release|Any CPU
		{9A71EC6D-6B2D-4BBB-91E5-E3E5C1329D2F}.Release|Any CPU.Build.0 = Release|Any CPU
		{3607313C-78B8-4B67-8DF7-FD23A3F5725A}.Debug|Any CPU.ActiveCfg = Debug|Any CPU
		{3607313C-78B8-4B67-8DF7-FD23A3F5725A}.Debug|Any CPU.Build.0 = Debug|Any CPU
		{3607313C-78B8-4B67-8DF7-FD23A3F5725A}.Release|Any CPU.ActiveCfg = Release|Any CPU
		{3607313C-78B8-4B67-8DF7-FD23A3F5725A}.Release|Any CPU.Build.0 = Release|Any CPU
		{DC55353B-C10E-4DDE-873B-EDA4AEA1B67B}.Debug|Any CPU.ActiveCfg = Debug|Any CPU
		{DC55353B-C10E-4DDE-873B-EDA4AEA1B67B}.Debug|Any CPU.Build.0 = Debug|Any CPU
		{DC55353B-C10E-4DDE-873B-EDA4AEA1B67B}.Release|Any CPU.ActiveCfg = Release|Any CPU
		{DC55353B-C10E-4DDE-873B-EDA4AEA1B67B}.Release|Any CPU.Build.0 = Release|Any CPU
		{EA4E05F9-06D7-4B8A-8BD1-8B2AB36F9185}.Debug|Any CPU.ActiveCfg = Debug|Any CPU
		{EA4E05F9-06D7-4B8A-8BD1-8B2AB36F9185}.Debug|Any CPU.Build.0 = Debug|Any CPU
		{EA4E05F9-06D7-4B8A-8BD1-8B2AB36F9185}.Release|Any CPU.ActiveCfg = Release|Any CPU
		{EA4E05F9-06D7-4B8A-8BD1-8B2AB36F9185}.Release|Any CPU.Build.0 = Release|Any CPU
		{B4376262-7454-429D-914F-98CFBCC93A24}.Debug|Any CPU.ActiveCfg = Debug|Any CPU
		{B4376262-7454-429D-914F-98CFBCC93A24}.Debug|Any CPU.Build.0 = Debug|Any CPU
		{B4376262-7454-429D-914F-98CFBCC93A24}.Release|Any CPU.ActiveCfg = Release|Any CPU
		{B4376262-7454-429D-914F-98CFBCC93A24}.Release|Any CPU.Build.0 = Release|Any CPU
		{4081F72B-69AA-4B9F-BFAD-E7B4BC4244DE}.Debug|Any CPU.ActiveCfg = Debug|Any CPU
		{4081F72B-69AA-4B9F-BFAD-E7B4BC4244DE}.Debug|Any CPU.Build.0 = Debug|Any CPU
		{4081F72B-69AA-4B9F-BFAD-E7B4BC4244DE}.Release|Any CPU.ActiveCfg = Release|Any CPU
		{4081F72B-69AA-4B9F-BFAD-E7B4BC4244DE}.Release|Any CPU.Build.0 = Release|Any CPU
		{CDBA27C2-A77E-4726-A575-1E23451DEAC8}.Debug|Any CPU.ActiveCfg = Debug|Any CPU
		{CDBA27C2-A77E-4726-A575-1E23451DEAC8}.Debug|Any CPU.Build.0 = Debug|Any CPU
		{CDBA27C2-A77E-4726-A575-1E23451DEAC8}.Release|Any CPU.ActiveCfg = Release|Any CPU
		{CDBA27C2-A77E-4726-A575-1E23451DEAC8}.Release|Any CPU.Build.0 = Release|Any CPU
		{708BD466-8C9E-409C-8920-9E0B187E3306}.Debug|Any CPU.ActiveCfg = Debug|Any CPU
		{708BD466-8C9E-409C-8920-9E0B187E3306}.Debug|Any CPU.Build.0 = Debug|Any CPU
		{708BD466-8C9E-409C-8920-9E0B187E3306}.Release|Any CPU.ActiveCfg = Release|Any CPU
		{708BD466-8C9E-409C-8920-9E0B187E3306}.Release|Any CPU.Build.0 = Release|Any CPU
		{6041F2F9-6109-4A3F-A883-EF9881089F91}.Debug|Any CPU.ActiveCfg = Debug|Any CPU
		{6041F2F9-6109-4A3F-A883-EF9881089F91}.Debug|Any CPU.Build.0 = Debug|Any CPU
		{6041F2F9-6109-4A3F-A883-EF9881089F91}.Release|Any CPU.ActiveCfg = Release|Any CPU
		{6041F2F9-6109-4A3F-A883-EF9881089F91}.Release|Any CPU.Build.0 = Release|Any CPU
	EndGlobalSection
	GlobalSection(SolutionProperties) = preSolution
		HideSolutionNode = FALSE
	EndGlobalSection
EndGlobal
